
Microsoft Visual Studio Solution File, Format Version 12.00
# Visual Studio Version 17
VisualStudioVersion = 17.6.33723.286
MinimumVisualStudioVersion = 10.0.40219.1
Project("{FAE04EC0-301F-11D3-BF4B-00C04F79EFBC}") = "RESTAPI_TMB2026", "RESTAPI_TMB2026.csproj", "{0269C9AE-FC37-48DF-8D8A-0A3AA4C2CB06}"
EndProject
Global
	GlobalSection(SolutionConfigurationPlatforms) = preSolution
		Debug|Any CPU = Debug|Any CPU
		Release|Any CPU = Release|Any CPU
	EndGlobalSection
	GlobalSection(ProjectConfigurationPlatforms) = postSolution
		{0269C9AE-FC37-48DF-8D8A-0A3AA4C2CB06}.Debug|Any CPU.ActiveCfg = Debug|Any CPU
		{0269C9AE-FC37-48DF-8D8A-0A3AA4C2CB06}.Debug|Any CPU.Build.0 = Debug|Any CPU
		{0269C9AE-FC37-48DF-8D8A-0A3AA4C2CB06}.Release|Any CPU.ActiveCfg = Release|Any CPU
		{0269C9AE-FC37-48DF-8D8A-0A3AA4C2CB06}.Release|Any CPU.Build.0 = Release|Any CPU
	EndGlobalSection
	GlobalSection(SolutionProperties) = preSolution
		HideSolutionNode = FALSE
	EndGlobalSection
	GlobalSection(ExtensibilityGlobals) = postSolution
		SolutionGuid = {2E1ADA98-6A3E-4CD0-B4E6-EA5420CBCFFC}
	EndGlobalSection
EndGlobal
